
Microsoft Visual Studio Solution File, Format Version 12.00
# Visual Studio Version 17
VisualStudioVersion = 17.0.31903.59
MinimumVisualStudioVersion = 10.0.40219.1
Project("{2150E333-8FDC-42A3-9474-1A3956D46DE8}") = "src", "src", "{827E0CD3-B72D-47B6-A68D-7590B98EB39B}"
EndProject
Project("{FAE04EC0-301F-11D3-BF4B-00C04F79EFBC}") = "Parlance.Abstractions", "src\Parlance.Abstractions\Parlance.Abstractions.csproj", "{DEE0B4E7-4EAD-445D-B576-6F1201302862}"
EndProject
Project("{FAE04EC0-301F-11D3-BF4B-00C04F79EFBC}") = "Parlance.CSharp", "src\Parlance.CSharp\Parlance.CSharp.csproj", "{A582ED69-DEAD-42C3-A07F-B62D161430DC}"
EndProject
Project("{2150E333-8FDC-42A3-9474-1A3956D46DE8}") = "tests", "tests", "{0AB3BF05-4346-4AA6-1389-037BE0695223}"
EndProject
Project("{FAE04EC0-301F-11D3-BF4B-00C04F79EFBC}") = "Parlance.CSharp.Tests", "tests\Parlance.CSharp.Tests\Parlance.CSharp.Tests.csproj", "{7AEFE398-A46B-4B61-AB14-661C1E078B26}"
EndProject
Project("{FAE04EC0-301F-11D3-BF4B-00C04F79EFBC}") = "Parlance.CSharp.Analyzers", "src\Parlance.CSharp.Analyzers\Parlance.CSharp.Analyzers.csproj", "{248FCC37-5B7D-4837-8A14-AEB3A67A69F3}"
EndProject
Project("{FAE04EC0-301F-11D3-BF4B-00C04F79EFBC}") = "Parlance.Cli", "src\Parlance.Cli\Parlance.Cli.csproj", "{3F1C5D2C-A027-4362-B6A2-D1F014EC23EB}"
EndProject
Project("{FAE04EC0-301F-11D3-BF4B-00C04F79EFBC}") = "Parlance.Cli.Tests", "tests\Parlance.Cli.Tests\Parlance.Cli.Tests.csproj", "{466C03F7-4D3C-4F9D-90B4-B111465D053D}"
EndProject
Project("{FAE04EC0-301F-11D3-BF4B-00C04F79EFBC}") = "Parlance.Analyzers.Upstream", "src\Parlance.Analyzers.Upstream\Parlance.Analyzers.Upstream.csproj", "{2A46E13E-F013-4746-ACAC-F00337CCA076}"
EndProject
Global
	GlobalSection(SolutionConfigurationPlatforms) = preSolution
		Debug|Any CPU = Debug|Any CPU
		Debug|x64 = Debug|x64
		Debug|x86 = Debug|x86
		Release|Any CPU = Release|Any CPU
		Release|x64 = Release|x64
		Release|x86 = Release|x86
	EndGlobalSection
	GlobalSection(ProjectConfigurationPlatforms) = postSolution
		{DEE0B4E7-4EAD-445D-B576-6F1201302862}.Debug|Any CPU.ActiveCfg = Debug|Any CPU
		{DEE0B4E7-4EAD-445D-B576-6F1201302862}.Debug|Any CPU.Build.0 = Debug|Any CPU
		{DEE0B4E7-4EAD-445D-B576-6F1201302862}.Debug|x64.ActiveCfg = Debug|Any CPU
		{DEE0B4E7-4EAD-445D-B576-6F1201302862}.Debug|x64.Build.0 = Debug|Any CPU
		{DEE0B4E7-4EAD-445D-B576-6F1201302862}.Debug|x86.ActiveCfg = Debug|Any CPU
		{DEE0B4E7-4EAD-445D-B576-6F1201302862}.Debug|x86.Build.0 = Debug|Any CPU
		{DEE0B4E7-4EAD-445D-B576-6F1201302862}.Release|Any CPU.ActiveCfg = Release|Any CPU
		{DEE0B4E7-4EAD-445D-B576-6F1201302862}.Release|Any CPU.Build.0 = Release|Any CPU
		{DEE0B4E7-4EAD-445D-B576-6F1201302862}.Release|x64.ActiveCfg = Release|Any CPU
		{DEE0B4E7-4EAD-445D-B576-6F1201302862}.Release|x64.Build.0 = Release|Any CPU
		{DEE0B4E7-4EAD-445D-B576-6F1201302862}.Release|x86.ActiveCfg = Release|Any CPU
		{DEE0B4E7-4EAD-445D-B576-6F1201302862}.Release|x86.Build.0 = Release|Any CPU
		{A582ED69-DEAD-42C3-A07F-B62D161430DC}.Debug|Any CPU.ActiveCfg = Debug|Any CPU
		{A582ED69-DEAD-42C3-A07F-B62D161430DC}.Debug|Any CPU.Build.0 = Debug|Any CPU
		{A582ED69-DEAD-42C3-A07F-B62D161430DC}.Debug|x64.ActiveCfg = Debug|Any CPU
		{A582ED69-DEAD-42C3-A07F-B62D161430DC}.Debug|x64.Build.0 = Debug|Any CPU
		{A582ED69-DEAD-42C3-A07F-B62D161430DC}.Debug|x86.ActiveCfg = Debug|Any CPU
		{A582ED69-DEAD-42C3-A07F-B62D161430DC}.Debug|x86.Build.0 = Debug|Any CPU
		{A582ED69-DEAD-42C3-A07F-B62D161430DC}.Release|Any CPU.ActiveCfg = Release|Any CPU
		{A582ED69-DEAD-42C3-A07F-B62D161430DC}.Release|Any CPU.Build.0 = Release|Any CPU
		{A582ED69-DEAD-42C3-A07F-B62D161430DC}.Release|x64.ActiveCfg = Release|Any CPU
		{A582ED69-DEAD-42C3-A07F-B62D161430DC}.Release|x64.Build.0 = Release|Any CPU
		{A582ED69-DEAD-42C3-A07F-B62D161430DC}.Release|x86.ActiveCfg = Release|Any CPU
		{A582ED69-DEAD-42C3-A07F-B62D161430DC}.Release|x86.Build.0 = Release|Any CPU
		{7AEFE398-A46B-4B61-AB14-661C1E078B26}.Debug|Any CPU.ActiveCfg = Debug|Any CPU
		{7AEFE398-A46B-4B61-AB14-661C1E078B26}.Debug|Any CPU.Build.0 = Debug|Any CPU
		{7AEFE398-A46B-4B61-AB14-661C1E078B26}.Debug|x64.ActiveCfg = Debug|Any CPU
		{7AEFE398-A46B-4B61-AB14-661C1E078B26}.Debug|x64.Build.0 = Debug|Any CPU
		{7AEFE398-A46B-4B61-AB14-661C1E078B26}.Debug|x86.ActiveCfg = Debug|Any CPU
		{7AEFE398-A46B-4B61-AB14-661C1E078B26}.Debug|x86.Build.0 = Debug|Any CPU
		{7AEFE398-A46B-4B61-AB14-661C1E078B26}.Release|Any CPU.ActiveCfg = Release|Any CPU
		{7AEFE398-A46B-4B61-AB14-661C1E078B26}.Release|Any CPU.Build.0 = Release|Any CPU
		{7AEFE398-A46B-4B61-AB14-661C1E078B26}.Release|x64.ActiveCfg = Release|Any CPU
		{7AEFE398-A46B-4B61-AB14-661C1E078B26}.Release|x64.Build.0 = Release|Any CPU
		{7AEFE398-A46B-4B61-AB14-661C1E078B26}.Release|x86.ActiveCfg = Release|Any CPU
		{7AEFE398-A46B-4B61-AB14-661C1E078B26}.Release|x86.Build.0 = Release|Any CPU
		{248FCC37-5B7D-4837-8A14-AEB3A67A69F3}.Debug|Any CPU.ActiveCfg = Debug|Any CPU
		{248FCC37-5B7D-4837-8A14-AEB3A67A69F3}.Debug|Any CPU.Build.0 = Debug|Any CPU
		{248FCC37-5B7D-4837-8A14-AEB3A67A69F3}.Debug|x64.ActiveCfg = Debug|Any CPU
		{248FCC37-5B7D-4837-8A14-AEB3A67A69F3}.Debug|x64.Build.0 = Debug|Any CPU
		{248FCC37-5B7D-4837-8A14-AEB3A67A69F3}.Debug|x86.ActiveCfg = Debug|Any CPU
		{248FCC37-5B7D-4837-8A14-AEB3A67A69F3}.Debug|x86.Build.0 = Debug|Any CPU
		{248FCC37-5B7D-4837-8A14-AEB3A67A69F3}.Release|Any CPU.ActiveCfg = Release|Any CPU
		{248FCC37-5B7D-4837-8A14-AEB3A67A69F3}.Release|Any CPU.Build.0 = Release|Any CPU
		{248FCC37-5B7D-4837-8A14-AEB3A67A69F3}.Release|x64.ActiveCfg = Release|Any CPU
		{248FCC37-5B7D-4837-8A14-AEB3A67A69F3}.Release|x64.Build.0 = Release|Any CPU
		{248FCC37-5B7D-4837-8A14-AEB3A67A69F3}.Release|x86.ActiveCfg = Release|Any CPU
		{248FCC37-5B7D-4837-8A14-AEB3A67A69F3}.Release|x86.Build.0 = Release|Any CPU
		{3F1C5D2C-A027-4362-B6A2-D1F014EC23EB}.Debug|Any CPU.ActiveCfg = Debug|Any CPU
		{3F1C5D2C-A027-4362-B6A2-D1F014EC23EB}.Debug|Any CPU.Build.0 = Debug|Any CPU
		{3F1C5D2C-A027-4362-B6A2-D1F014EC23EB}.Debug|x64.ActiveCfg = Debug|Any CPU
		{3F1C5D2C-A027-4362-B6A2-D1F014EC23EB}.Debug|x64.Build.0 = Debug|Any CPU
		{3F1C5D2C-A027-4362-B6A2-D1F014EC23EB}.Debug|x86.ActiveCfg = Debug|Any CPU
		{3F1C5D2C-A027-4362-B6A2-D1F014EC23EB}.Debug|x86.Build.0 = Debug|Any CPU
		{3F1C5D2C-A027-4362-B6A2-D1F014EC23EB}.Release|Any CPU.ActiveCfg = Release|Any CPU
		{3F1C5D2C-A027-4362-B6A2-D1F014EC23EB}.Release|Any CPU.Build.0 = Release|Any CPU
		{3F1C5D2C-A027-4362-B6A2-D1F014EC23EB}.Release|x64.ActiveCfg = Release|Any CPU
		{3F1C5D2C-A027-4362-B6A2-D1F014EC23EB}.Release|x64.Build.0 = Release|Any CPU
		{3F1C5D2C-A027-4362-B6A2-D1F014EC23EB}.Release|x86.ActiveCfg = Release|Any CPU
		{3F1C5D2C-A027-4362-B6A2-D1F014EC23EB}.Release|x86.Build.0 = Release|Any CPU
		{466C03F7-4D3C-4F9D-90B4-B111465D053D}.Debug|Any CPU.ActiveCfg = Debug|Any CPU
		{466C03F7-4D3C-4F9D-90B4-B111465D053D}.Debug|Any CPU.Build.0 = Debug|Any CPU
		{466C03F7-4D3C-4F9D-90B4-B111465D053D}.Debug|x64.ActiveCfg = Debug|Any CPU
		{466C03F7-4D3C-4F9D-90B4-B111465D053D}.Debug|x64.Build.0 = Debug|Any CPU
		{466C03F7-4D3C-4F9D-90B4-B111465D053D}.Debug|x86.ActiveCfg = Debug|Any CPU
		{466C03F7-4D3C-4F9D-90B4-B111465D053D}.Debug|x86.Build.0 = Debug|Any CPU
		{466C03F7-4D3C-4F9D-90B4-B111465D053D}.Release|Any CPU.ActiveCfg = Release|Any CPU
		{466C03F7-4D3C-4F9D-90B4-B111465D053D}.Release|Any CPU.Build.0 = Release|Any CPU
		{466C03F7-4D3C-4F9D-90B4-B111465D053D}.Release|x64.ActiveCfg = Release|Any CPU
		{466C03F7-4D3C-4F9D-90B4-B111465D053D}.Release|x64.Build.0 = Release|Any CPU
		{466C03F7-4D3C-4F9D-90B4-B111465D053D}.Release|x86.ActiveCfg = Release|Any CPU
		{466C03F7-4D3C-4F9D-90B4-B111465D053D}.Release|x86.Build.0 = Release|Any CPU
		{2A46E13E-F013-4746-ACAC-F00337CCA076}.Debug|Any CPU.ActiveCfg = Debug|Any CPU
		{2A46E13E-F013-4746-ACAC-F00337CCA076}.Debug|Any CPU.Build.0 = Debug|Any CPU
		{2A46E13E-F013-4746-ACAC-F00337CCA076}.Debug|x64.ActiveCfg = Debug|Any CPU
		{2A46E13E-F013-4746-ACAC-F00337CCA076}.Debug|x64.Build.0 = Debug|Any CPU
		{2A46E13E-F013-4746-ACAC-F00337CCA076}.Debug|x86.ActiveCfg = Debug|Any CPU
		{2A46E13E-F013-4746-ACAC-F00337CCA076}.Debug|x86.Build.0 = Debug|Any CPU
		{2A46E13E-F013-4746-ACAC-F00337CCA076}.Release|Any CPU.ActiveCfg = Release|Any CPU
		{2A46E13E-F013-4746-ACAC-F00337CCA076}.Release|Any CPU.Build.0 = Release|Any CPU
		{2A46E13E-F013-4746-ACAC-F00337CCA076}.Release|x64.ActiveCfg = Release|Any CPU
		{2A46E13E-F013-4746-ACAC-F00337CCA076}.Release|x64.Build.0 = Release|Any CPU
		{2A46E13E-F013-4746-ACAC-F00337CCA076}.Release|x86.ActiveCfg = Release|Any CPU
		{2A46E13E-F013-4746-ACAC-F00337CCA076}.Release|x86.Build.0 = Release|Any CPU
	EndGlobalSection
	GlobalSection(SolutionProperties) = preSolution
		HideSolutionNode = FALSE
	EndGlobalSection
	GlobalSection(NestedProjects) = preSolution
		{DEE0B4E7-4EAD-445D-B576-6F1201302862} = {827E0CD3-B72D-47B6-A68D-7590B98EB39B}
		{A582ED69-DEAD-42C3-A07F-B62D161430DC} = {827E0CD3-B72D-47B6-A68D-7590B98EB39B}
		{7AEFE398-A46B-4B61-AB14-661C1E078B26} = {0AB3BF05-4346-4AA6-1389-037BE0695223}
		{248FCC37-5B7D-4837-8A14-AEB3A67A69F3} = {827E0CD3-B72D-47B6-A68D-7590B98EB39B}
		{3F1C5D2C-A027-4362-B6A2-D1F014EC23EB} = {827E0CD3-B72D-47B6-A68D-7590B98EB39B}
		{466C03F7-4D3C-4F9D-90B4-B111465D053D} = {0AB3BF05-4346-4AA6-1389-037BE0695223}
		{2A46E13E-F013-4746-ACAC-F00337CCA076} = {827E0CD3-B72D-47B6-A68D-7590B98EB39B}
	EndGlobalSection
EndGlobal
